
Microsoft Visual Studio Solution File, Format Version 12.00
# Visual Studio Version 16
VisualStudioVersion = 16.0.29409.12
MinimumVisualStudioVersion = 10.0.40219.1
Project("{FAE04EC0-301F-11D3-BF4B-00C04F79EFBC}") = "StateDesignPattern", "StateDesignPattern\StateDesignPattern.csproj", "{9357F507-B7FF-49C6-82DB-23F5EF2ECAFA}"
EndProject
Global
	GlobalSection(SolutionConfigurationPlatforms) = preSolution
		Debug|Any CPU = Debug|Any CPU
		Release|Any CPU = Release|Any CPU
	EndGlobalSection
	GlobalSection(ProjectConfigurationPlatforms) = postSolution
		{9357F507-B7FF-49C6-82DB-23F5EF2ECAFA}.Debug|Any CPU.ActiveCfg = Debug|Any CPU
		{9357F507-B7FF-49C6-82DB-23F5EF2ECAFA}.Debug|Any CPU.Build.0 = Debug|Any CPU
		{9357F507-B7FF-49C6-82DB-23F5EF2ECAFA}.Release|Any CPU.ActiveCfg = Release|Any CPU
		{9357F507-B7FF-49C6-82DB-23F5EF2ECAFA}.Release|Any CPU.Build.0 = Release|Any CPU
	EndGlobalSection
	GlobalSection(SolutionProperties) = preSolution
		HideSolutionNode = FALSE
	EndGlobalSection
	GlobalSection(ExtensibilityGlobals) = postSolution
		SolutionGuid = {8BC64128-1244-4743-81B6-52F1FB90B8F2}
	EndGlobalSection
EndGlobal
