
Microsoft Visual Studio Solution File, Format Version 12.00
# Visual Studio Version 16
VisualStudioVersion = 16.0.29409.12
MinimumVisualStudioVersion = 10.0.40219.1
Project("{FAE04EC0-301F-11D3-BF4B-00C04F79EFBC}") = "ObserverDesignPattern", "ObserverDesignPattern\ObserverDesignPattern.csproj", "{6BACDB4E-F8A1-4FD1-A7EB-55021BFEB276}"
EndProject
Global
	GlobalSection(SolutionConfigurationPlatforms) = preSolution
		Debug|Any CPU = Debug|Any CPU
		Release|Any CPU = Release|Any CPU
	EndGlobalSection
	GlobalSection(ProjectConfigurationPlatforms) = postSolution
		{6BACDB4E-F8A1-4FD1-A7EB-55021BFEB276}.Debug|Any CPU.ActiveCfg = Debug|Any CPU
		{6BACDB4E-F8A1-4FD1-A7EB-55021BFEB276}.Debug|Any CPU.Build.0 = Debug|Any CPU
		{6BACDB4E-F8A1-4FD1-A7EB-55021BFEB276}.Release|Any CPU.ActiveCfg = Release|Any CPU
		{6BACDB4E-F8A1-4FD1-A7EB-55021BFEB276}.Release|Any CPU.Build.0 = Release|Any CPU
	EndGlobalSection
	GlobalSection(SolutionProperties) = preSolution
		HideSolutionNode = FALSE
	EndGlobalSection
	GlobalSection(ExtensibilityGlobals) = postSolution
		SolutionGuid = {D6A0EC4F-2225-48F1-8D8B-D4588BAC5503}
	EndGlobalSection
EndGlobal
