
Microsoft Visual Studio Solution File, Format Version 12.00
# Visual Studio Version 16
VisualStudioVersion = 16.0.29409.12
MinimumVisualStudioVersion = 10.0.40219.1
Project("{9A19103F-16F7-4668-BE54-9A1E7A4F7556}") = "BinaryTree", "StackDesignPattern\BinaryTree.csproj", "{CF46629F-FB9A-4B63-89ED-479D49FB47BE}"
EndProject
Global
	GlobalSection(SolutionConfigurationPlatforms) = preSolution
		Debug|Any CPU = Debug|Any CPU
		Release|Any CPU = Release|Any CPU
	EndGlobalSection
	GlobalSection(ProjectConfigurationPlatforms) = postSolution
		{CF46629F-FB9A-4B63-89ED-479D49FB47BE}.Debug|Any CPU.ActiveCfg = Debug|Any CPU
		{CF46629F-FB9A-4B63-89ED-479D49FB47BE}.Debug|Any CPU.Build.0 = Debug|Any CPU
		{CF46629F-FB9A-4B63-89ED-479D49FB47BE}.Release|Any CPU.ActiveCfg = Release|Any CPU
		{CF46629F-FB9A-4B63-89ED-479D49FB47BE}.Release|Any CPU.Build.0 = Release|Any CPU
	EndGlobalSection
	GlobalSection(SolutionProperties) = preSolution
		HideSolutionNode = FALSE
	EndGlobalSection
	GlobalSection(ExtensibilityGlobals) = postSolution
		SolutionGuid = {39330BE1-68EC-4A13-85CC-C05092592F39}
	EndGlobalSection
EndGlobal
